
Microsoft Visual Studio Solution File, Format Version 12.00
Project("{FAE04EC0-301F-11D3-BF4B-00C04F79EFBC}") = "dpat_dylandegroot", "dpat_dylandegroot\dpat_dylandegroot.csproj", "{7CA8874C-6F93-45B6-BEAC-470D9BF5639C}"
EndProject
Global
	GlobalSection(SolutionConfigurationPlatforms) = preSolution
		Debug|Any CPU = Debug|Any CPU
		Release|Any CPU = Release|Any CPU
	EndGlobalSection
	GlobalSection(ProjectConfigurationPlatforms) = postSolution
		{7CA8874C-6F93-45B6-BEAC-470D9BF5639C}.Debug|Any CPU.ActiveCfg = Debug|Any CPU
		{7CA8874C-6F93-45B6-BEAC-470D9BF5639C}.Debug|Any CPU.Build.0 = Debug|Any CPU
		{7CA8874C-6F93-45B6-BEAC-470D9BF5639C}.Release|Any CPU.ActiveCfg = Release|Any CPU
		{7CA8874C-6F93-45B6-BEAC-470D9BF5639C}.Release|Any CPU.Build.0 = Release|Any CPU
	EndGlobalSection
EndGlobal
